github.com/foxboron/go-tpm-keyfiles v0.0.0-20260902202739-8c9c2d1005f4 h1:zqtQvVnFZ71RsyDMNVAaWf4g2OVEDH5LDs26MZFHy7s=
github.com/foxboron/go-tpm-keyfiles v0.0.0-20260902202739-8c9c2d1005f4/go.mod h1:wxFx38LbEL4RF0JH6PR3lf7ZJ6ZO0yQWQstLCTQQNjA=
github.com/google/go-tpm v0.9.9-0.20260124013517-8f8f42cba0de h1:U6GxkpXnFhR76KyzdJCa3/YopeqiMgKWEGPp5u2mCSQ=
github.com/google/go-tpm v0.9.9-0.20260124013517-8f8f42cba0de/go.mod h1:h9jEsEECg7gtLis0upRBQU+GhYVH6jMjrFxI8u6bVUY=
github.com/google/go-tpm-tools v0.4.4 h1:oiQfAIkc6xTy9Fl5NKTeTJkBTlXdHsxAofmQyxBKY98=
github.com/google/go-tpm-tools v0.4.4/go.mod h1:T8jXkp2s+eltnCDIsXR84/MTcVU9Ja7bh3Mit0pa4AY=
github.com/google/go-tpm-tools v0.4.5 h1:3fhthtyMDbIZFR5/0y1hvUoZ1Kf4i1eZ7C73R4Pvd+k=
github.com/salrashid123/tpmsigner v0.9.82 h1:0w87pjk5ReJ4CON99gIYBajJN2KTjoAAqFjOypcmQ3U=
github.com/salrashid123/tpmsigner v0.9.82/go.mod h1:Z95+tvKsrZHskL+UuJgpDQ9NlOsFdjy55LYY5TDEg4o=
golang.org/x/crypto v0.49.0 h1:+Ng2ULVvLHnJ/ZFEq4KdcDd/cfjrrjjNSXNzxg0Y4U4=
golang.org/x/crypto v0.49.0/go.mod h1:ErX4dUh2UM+CFYiXZRTcMpEcN8b/1gxEuv3nODoYtCA=
golang.org/x/sys v0.42.0 h1:omrd2nAlyT5ESRdCLYdm3+fMfNFE/+Rf4bDIQImRJeo=
golang.org/x/sys v0.42.0/go.mod h1:4GL1E5IUh+htKOUEOaiffhrAeqysfVGipDYzABqnCmw=
